// !$*UTF8*$!
{
	archiveVersion = 1;
	classes = {
	};
	objectVersion = 46;
	objects = {

/* Begin PBXBuildFile section */
		F531CEC41EE3269C006A9461 /* EditingViewController.swift in Sources */ = {isa = PBXBuildFile; fileRef = F531CEC31EE3269C006A9461 /* EditingViewController.swift */; };
		F58F9B691EE147AC00727AEB /* AppDelegate.swift in Sources */ = {isa = PBXBuildFile; fileRef = F58F9B611EE147AC00727AEB /* AppDelegate.swift */; };
		F58F9B6A1EE147AC00727AEB /* Assets.xcassets in Resources */ = {isa = PBXBuildFile; fileRef = F58F9B621EE147AC00727AEB /* Assets.xcassets */; };
		F58F9B6B1EE147AC00727AEB /* LaunchScreen.storyboard in Resources */ = {isa = PBXBuildFile; fileRef = F58F9B641EE147AC00727AEB /* LaunchScreen.storyboard */; };
		F58F9B6C1EE147AC00727AEB /* Main.storyboard in Resources */ = {isa = PBXBuildFile; fileRef = F58F9B661EE147AC00727AEB /* Main.storyboard */; };
		F58F9B6D1EE147AC00727AEB /* ViewController.swift in Sources */ = {isa = PBXBuildFile; fileRef = F58F9B681EE147AC00727AEB /* ViewController.swift */; };
/* End PBXBuildFile section */

/* Begin PBXFileReference section */
		F531CEC31EE3269C006A9461 /* EditingViewController.swift */ = {isa = PBXFileReference; fileEncoding = 4; lastKnownFileType = sourcecode.swift; path = EditingViewController.swift; sourceTree = SOURCE_ROOT; };
		F58F9B611EE147AC00727AEB /* AppDelegate.swift */ = {isa = PBXFileReference; fileEncoding = 4; lastKnownFileType = sourcecode.swift; path = AppDelegate.swift; sourceTree = SOURCE_ROOT; };
		F58F9B621EE147AC00727AEB /* Assets.xcassets */ = {isa = PBXFileReference; lastKnownFileType = folder.assetcatalog; path = Assets.xcassets; sourceTree = SOURCE_ROOT; };
		F58F9B651EE147AC00727AEB /* Base */ = {isa = PBXFileReference; lastKnownFileType = file.storyboard; name = Base; path = LaunchScreen.storyboard; sourceTree = "<group>"; };
		F58F9B671EE147AC00727AEB /* Base */ = {isa = PBXFileReference; lastKnownFileType = file.storyboard; name = Base; path = Main.storyboard; sourceTree = "<group>"; };
		F58F9B681EE147AC00727AEB /* ViewController.swift */ = {isa = PBXFileReference; fileEncoding = 4; lastKnownFileType = sourcecode.swift; path = ViewController.swift; sourceTree = SOURCE_ROOT; };
		F5DAA1311EE142EC003FFA57 /* CameraTest.app */ = {isa = PBXFileReference; explicitFileType = wrapper.application; includeInIndex = 0; path = CameraTest.app; sourceTree = BUILT_PRODUCTS_DIR; };
		F5DAA1401EE142EC003FFA57 /* Info.plist */ = {isa = PBXFileReference; lastKnownFileType = text.plist.xml; path = Info.plist; sourceTree = "<group>"; };
/* End PBXFileReference section */

/* Begin PBXFrameworksBuildPhase section */
		F5DAA12E1EE142EC003FFA57 /* Frameworks */ = {
			isa = PBXFrameworksBuildPhase;
			buildActionMask = 2147483647;
			files = (
			);
			runOnlyForDeploymentPostprocessing = 0;
		};
/* End PBXFrameworksBuildPhase section */

/* Begin PBXGroup section */
		F58F9B631EE147AC00727AEB /* Base.lproj */ = {
			isa = PBXGroup;
			children = (
				F58F9B641EE147AC00727AEB /* LaunchScreen.storyboard */,
				F58F9B661EE147AC00727AEB /* Main.storyboard */,
			);
			path = Base.lproj;
			sourceTree = SOURCE_ROOT;
		};
		F5DAA1281EE142EC003FFA57 = {
			isa = PBXGroup;
			children = (
				F5DAA1331EE142EC003FFA57 /* CameraTest */,
				F5DAA1321EE142EC003FFA57 /* Products */,
			);
			sourceTree = "<group>";
		};
		F5DAA1321EE142EC003FFA57 /* Products */ = {
			isa = PBXGroup;
			children = (
				F5DAA1311EE142EC003FFA57 /* CameraTest.app */,
			);
			name = Products;
			sourceTree = "<group>";
		};
		F5DAA1331EE142EC003FFA57 /* CameraTest */ = {
			isa = PBXGroup;
			children = (
				F58F9B611EE147AC00727AEB /* AppDelegate.swift */,
				F58F9B621EE147AC00727AEB /* Assets.xcassets */,
				F58F9B631EE147AC00727AEB /* Base.lproj */,
				F58F9B681EE147AC00727AEB /* ViewController.swift */,
				F5DAA1401EE142EC003FFA57 /* Info.plist */,
				F531CEC31EE3269C006A9461 /* EditingViewController.swift */,
			);
			path = CameraTest;
			sourceTree = "<group>";
		};
/* End PBXGroup section */

/* Begin PBXNativeTarget section */
		F5DAA1301EE142EC003FFA57 /* CameraTest */ = {
			isa = PBXNativeTarget;
			buildConfigurationList = F5DAA1431EE142EC003FFA57 /* Build configuration list for PBXNativeTarget "CameraTest" */;
			buildPhases = (
				F5DAA12D1EE142EC003FFA57 /* Sources */,
				F5DAA12E1EE142EC003FFA57 /* Frameworks */,
				F5DAA12F1EE142EC003FFA57 /* Resources */,
			);
			buildRules = (
			);
			dependencies = (
			);
			name = CameraTest;
			productName = CameraTest;
			productReference = F5DAA1311EE142EC003FFA57 /* CameraTest.app */;
			productType = "com.apple.product-type.application";
		};
/* End PBXNativeTarget section */

/* Begin PBXProject section */
		F5DAA1291EE142EC003FFA57 /* Project object */ = {
			isa = PBXProject;
			attributes = {
				LastSwiftUpdateCheck = 0830;
				LastUpgradeCheck = 0830;
				ORGANIZATIONNAME = com.hat;
				TargetAttributes = {
					F5DAA1301EE142EC003FFA57 = {
						CreatedOnToolsVersion = 8.3.2;
						DevelopmentTeam = 4PB8BSTQ9F;
						LastSwiftMigration = 0830;
						ProvisioningStyle = Automatic;
					};
				};
			};
			buildConfigurationList = F5DAA12C1EE142EC003FFA57 /* Build configuration list for PBXProject "CameraTest" */;
			compatibilityVersion = "Xcode 3.2";
			developmentRegion = English;
			hasScannedForEncodings = 0;
			knownRegions = (
				en,
				Base,
			);
			mainGroup = F5DAA1281EE142EC003FFA57;
			productRefGroup = F5DAA1321EE142EC003FFA57 /* Products */;
			projectDirPath = "";
			projectRoot = "";
			targets = (
				F5DAA1301EE142EC003FFA57 /* CameraTest */,
			);
		};
/* End PBXProject section */

/* Begin PBXResourcesBuildPhase section */
		F5DAA12F1EE142EC003FFA57 /* Resources */ = {
			isa = PBXResourcesBuildPhase;
			buildActionMask = 2147483647;
			files = (
				F58F9B6C1EE147AC00727AEB /* Main.storyboard in Resources */,
				F58F9B6A1EE147AC00727AEB /* Assets.xcassets in Resources */,
				F58F9B6B1EE147AC00727AEB /* LaunchScreen.storyboard in Resources */,
			);
			runOnlyForDeploymentPostprocessing = 0;
		};
/* End PBXResourcesBuildPhase section */

/* Begin PBXSourcesBuildPhase section */
		F5DAA12D1EE142EC003FFA57 /* Sources */ = {
			isa = PBXSourcesBuildPhase;
			buildActionMask = 2147483647;
			files = (
				F58F9B6D1EE147AC00727AEB /* ViewController.swift in Sources */,
				F531CEC41EE3269C006A9461 /* EditingViewController.swift in Sources */,
				F58F9B691EE147AC00727AEB /* AppDelegate.swift in Sources */,
			);
			runOnlyForDeploymentPostprocessing = 0;
		};
/* End PBXSourcesBuildPhase section */

/* Begin PBXVariantGroup section */
		F58F9B641EE147AC00727AEB /* LaunchScreen.storyboard */ = {
			isa = PBXVariantGroup;
			children = (
				F58F9B651EE147AC00727AEB /* Base */,
			);
			name = LaunchScreen.storyboard;
			sourceTree = "<group>";
		};
		F58F9B661EE147AC00727AEB /* Main.storyboard */ = {
			isa = PBXVariantGroup;
			children = (
				F58F9B671EE147AC00727AEB /* Base */,
			);
			name = Main.storyboard;
			sourceTree = "<group>";
		};
/* End PBXVariantGroup section */

/* Begin XCBuildConfiguration section */
		F5DAA1411EE142EC003FFA57 /* Debug */ = {
			isa = XCBuildConfiguration;
			buildSettings = {
				ALWAYS_SEARCH_USER_PATHS = NO;
				CLANG_ANALYZER_NONNULL = YES;
				CLANG_ANALYZER_NUMBER_OBJECT_CONVERSION = YES_AGGRESSIVE;
				CLANG_CXX_LANGUAGE_STANDARD = "gnu++0x";
				CLANG_CXX_LIBRARY = "libc++";
				CLANG_ENABLE_MODULES = YES;
				CLANG_ENABLE_OBJC_ARC = YES;
				CLANG_WARN_BOOL_CONVERSION = YES;
				CLANG_WARN_CONSTANT_CONVERSION = YES;
				CLANG_WARN_DIRECT_OBJC_ISA_USAGE = YES_ERROR;
				CLANG_WARN_DOCUMENTATION_COMMENTS = YES;
				CLANG_WARN_EMPTY_BODY = YES;
				CLANG_WARN_ENUM_CONVERSION = YES;
				CLANG_WARN_INFINITE_RECURSION = YES;
				CLANG_WARN_INT_CONVERSION = YES;
				CLANG_WARN_OBJC_ROOT_CLASS = YES_ERROR;
				CLANG_WARN_SUSPICIOUS_MOVE = YES;
				CLANG_WARN_UNREACHABLE_CODE = YES;
				CLANG_WARN__DUPLICATE_METHOD_MATCH = YES;
				"CODE_SIGN_IDENTITY[sdk=iphoneos*]" = "iPhone Developer";
				COPY_PHASE_STRIP = NO;
				DEBUG_INFORMATION_FORMAT = dwarf;
				ENABLE_STRICT_OBJC_MSGSEND = YES;
				ENABLE_TESTABILITY = YES;
				GCC_C_LANGUAGE_STANDARD = gnu99;
				GCC_DYNAMIC_NO_PIC = NO;
				GCC_NO_COMMON_BLOCKS = YES;
				GCC_OPTIMIZATION_LEVEL = 0;
				GCC_PREPROCESSOR_DEFINITIONS = (
					"DEBUG=1",
					"$(inherited)",
				);
				GCC_WARN_64_TO_32_BIT_CONVERSION = YES;
				GCC_WARN_ABOUT_RETURN_TYPE = YES_ERROR;
				GCC_WARN_UNDECLARED_SELECTOR = YES;
				GCC_WARN_UNINITIALIZED_AUTOS = YES_AGGRESSIVE;
				GCC_WARN_UNUSED_FUNCTION = YES;
				GCC_WARN_UNUSED_VARIABLE = YES;
				IPHONEOS_DEPLOYMENT_TARGET = 10.3;
				MTL_ENABLE_DEBUG_INFO = YES;
				ONLY_ACTIVE_ARCH = YES;
				SDKROOT = iphoneos;
				SWIFT_ACTIVE_COMPILATION_CONDITIONS = DEBUG;
				SWIFT_OPTIMIZATION_LEVEL = "-Onone";
			};
			name = Debug;
		};
		F5DAA1421EE142EC003FFA57 /* Release */ = {
			isa = XCBuildConfiguration;
			buildSettings = {
				ALWAYS_SEARCH_USER_PATHS = NO;
				CLANG_ANALYZER_NONNULL = YES;
				CLANG_ANALYZER_NUMBER_OBJECT_CONVERSION = YES_AGGRESSIVE;
				CLANG_CXX_LANGUAGE_STANDARD = "gnu++0x";
				CLANG_CXX_LIBRARY = "libc++";
				CLANG_ENABLE_MODULES = YES;
				CLANG_ENABLE_OBJC_ARC = YES;
				CLANG_WARN_BOOL_CONVERSION = YES;
				CLANG_WARN_CONSTANT_CONVERSION = YES;
				CLANG_WARN_DIRECT_OBJC_ISA_USAGE = YES_ERROR;
				CLANG_WARN_DOCUMENTATION_COMMENTS = YES;
				CLANG_WARN_EMPTY_BODY = YES;
				CLANG_WARN_ENUM_CONVERSION = YES;
				CLANG_WARN_INFINITE_RECURSION = YES;
				CLANG_WARN_INT_CONVERSION = YES;
				CLANG_WARN_OBJC_ROOT_CLASS = YES_ERROR;
				CLANG_WARN_SUSPICIOUS_MOVE = YES;
				CLANG_WARN_UNREACHABLE_CODE = YES;
				CLANG_WARN__DUPLICATE_METHOD_MATCH = YES;
				"CODE_SIGN_IDENTITY[sdk=iphoneos*]" = "iPhone Developer";
				COPY_PHASE_STRIP = NO;
				DEBUG_INFORMATION_FORMAT = "dwarf-with-dsym";
				ENABLE_NS_ASSERTIONS = NO;
				ENABLE_STRICT_OBJC_MSGSEND = YES;
				GCC_C_LANGUAGE_STANDARD = gnu99;
				GCC_NO_COMMON_BLOCKS = YES;
				GCC_WARN_64_TO_32_BIT_CONVERSION = YES;
				GCC_WARN_ABOUT_RETURN_TYPE = YES_ERROR;
				GCC_WARN_UNDECLARED_SELECTOR = YES;
				GCC_WARN_UNINITIALIZED_AUTOS = YES_AGGRESSIVE;
				GCC_WARN_UNUSED_FUNCTION = YES;
				GCC_WARN_UNUSED_VARIABLE = YES;
				IPHONEOS_DEPLOYMENT_TARGET = 10.3;
				MTL_ENABLE_DEBUG_INFO = NO;
				SDKROOT = iphoneos;
				SWIFT_OPTIMIZATION_LEVEL = "-Owholemodule";
				VALIDATE_PRODUCT = YES;
			};
			name = Release;
		};
		F5DAA1441EE142EC003FFA57 /* Debug */ = {
			isa = XCBuildConfiguration;
			buildSettings = {
				ASSETCATALOG_COMPILER_APPICON_NAME = AppIcon;
				CLANG_ENABLE_MODULES = YES;
				DEVELOPMENT_TEAM = 4PB8BSTQ9F;
				INFOPLIST_FILE = "$(SRCROOT)/Info.plist";
				LD_RUNPATH_SEARCH_PATHS = "$(inherited) @executable_path/Frameworks";
				PRODUCT_BUNDLE_IDENTIFIER = com.hat.CameraTest;
				PRODUCT_NAME = "$(TARGET_NAME)";
				SWIFT_OPTIMIZATION_LEVEL = "-Onone";
				SWIFT_VERSION = 3.0;
			};
			name = Debug;
		};
		F5DAA1451EE142EC003FFA57 /* Release */ = {
			isa = XCBuildConfiguration;
			buildSettings = {
				ASSETCATALOG_COMPILER_APPICON_NAME = AppIcon;
				CLANG_ENABLE_MODULES = YES;
				DEVELOPMENT_TEAM = 4PB8BSTQ9F;
				INFOPLIST_FILE = "$(SRCROOT)/Info.plist";
				LD_RUNPATH_SEARCH_PATHS = "$(inherited) @executable_path/Frameworks";
				PRODUCT_BUNDLE_IDENTIFIER = com.hat.CameraTest;
				PRODUCT_NAME = "$(TARGET_NAME)";
				SWIFT_VERSION = 3.0;
			};
			name = Release;
		};
/* End XCBuildConfiguration section */

/* Begin XCConfigurationList section */
		F5DAA12C1EE142EC003FFA57 /* Build configuration list for PBXProject "CameraTest" */ = {
			isa = XCConfigurationList;
			buildConfigurations = (
				F5DAA1411EE142EC003FFA57 /* Debug */,
				F5DAA1421EE142EC003FFA57 /* Release */,
			);
			defaultConfigurationIsVisible = 0;
			defaultConfigurationName = Release;
		};
		F5DAA1431EE142EC003FFA57 /* Build configuration list for PBXNativeTarget "CameraTest" */ = {
			isa = XCConfigurationList;
			buildConfigurations = (
				F5DAA1441EE142EC003FFA57 /* Debug */,
				F5DAA1451EE142EC003FFA57 /* Release */,
			);
			defaultConfigurationIsVisible = 0;
			defaultConfigurationName = Release;
		};
/* End XCConfigurationList section */
	};
	rootObject = F5DAA1291EE142EC003FFA57 /* Project object */;
}
